
Microsoft Visual Studio Solution File, Format Version 12.00
# Visual Studio Version 16
VisualStudioVersion = 16.0.32228.343
MinimumVisualStudioVersion = 10.0.40219.1
Project("{FAE04EC0-301F-11D3-BF4B-00C04F79EFBC}") = "exercicio1", "exercicio1\exercicio1.csproj", "{DD374B46-3EC2-4F52-A52D-D42EE917E6BA}"
EndProject
Project("{FAE04EC0-301F-11D3-BF4B-00C04F79EFBC}") = "exercicio2", "exercicio2-atualizado\exercicio2.csproj", "{D33CCFF9-E7AA-4112-99A7-AD5A451F3F0B}"
EndProject
Global
	GlobalSection(SolutionConfigurationPlatforms) = preSolution
		Debug|Any CPU = Debug|Any CPU
		Release|Any CPU = Release|Any CPU
	EndGlobalSection
	GlobalSection(ProjectConfigurationPlatforms) = postSolution
		{DD374B46-3EC2-4F52-A52D-D42EE917E6BA}.Debug|Any CPU.ActiveCfg = Debug|Any CPU
		{DD374B46-3EC2-4F52-A52D-D42EE917E6BA}.Debug|Any CPU.Build.0 = Debug|Any CPU
		{DD374B46-3EC2-4F52-A52D-D42EE917E6BA}.Release|Any CPU.ActiveCfg = Release|Any CPU
		{DD374B46-3EC2-4F52-A52D-D42EE917E6BA}.Release|Any CPU.Build.0 = Release|Any CPU
		{D33CCFF9-E7AA-4112-99A7-AD5A451F3F0B}.Debug|Any CPU.ActiveCfg = Debug|Any CPU
		{D33CCFF9-E7AA-4112-99A7-AD5A451F3F0B}.Debug|Any CPU.Build.0 = Debug|Any CPU
		{D33CCFF9-E7AA-4112-99A7-AD5A451F3F0B}.Release|Any CPU.ActiveCfg = Release|Any CPU
		{D33CCFF9-E7AA-4112-99A7-AD5A451F3F0B}.Release|Any CPU.Build.0 = Release|Any CPU
	EndGlobalSection
	GlobalSection(SolutionProperties) = preSolution
		HideSolutionNode = FALSE
	EndGlobalSection
	GlobalSection(ExtensibilityGlobals) = postSolution
		SolutionGuid = {06EAD181-A0B3-4542-BA98-E06DD53FDACE}
	EndGlobalSection
EndGlobal
