
Microsoft Visual Studio Solution File, Format Version 12.00
# Visual Studio Version 16
VisualStudioVersion = 16.0.32228.343
MinimumVisualStudioVersion = 10.0.40219.1
Project("{FAE04EC0-301F-11D3-BF4B-00C04F79EFBC}") = "exercicio2", "exercicio2\exercicio2.csproj", "{E5FEEF2F-482A-4C0B-874E-23A40F79640D}"
EndProject
Global
	GlobalSection(SolutionConfigurationPlatforms) = preSolution
		Debug|Any CPU = Debug|Any CPU
		Release|Any CPU = Release|Any CPU
	EndGlobalSection
	GlobalSection(ProjectConfigurationPlatforms) = postSolution
		{E5FEEF2F-482A-4C0B-874E-23A40F79640D}.Debug|Any CPU.ActiveCfg = Debug|Any CPU
		{E5FEEF2F-482A-4C0B-874E-23A40F79640D}.Debug|Any CPU.Build.0 = Debug|Any CPU
		{E5FEEF2F-482A-4C0B-874E-23A40F79640D}.Release|Any CPU.ActiveCfg = Release|Any CPU
		{E5FEEF2F-482A-4C0B-874E-23A40F79640D}.Release|Any CPU.Build.0 = Release|Any CPU
	EndGlobalSection
	GlobalSection(SolutionProperties) = preSolution
		HideSolutionNode = FALSE
	EndGlobalSection
	GlobalSection(ExtensibilityGlobals) = postSolution
		SolutionGuid = {06EAD181-A0B3-4542-BA98-E06DD53FDACE}
	EndGlobalSection
EndGlobal
